PackratFormat: 1.4
PackratVersion: 0.4.2.1
RVersion: 3.1.2
Repos: =http://cran.rstudio.com/

Package: MASS
Source: CRAN
Version: 7.3-35
Hash: 2a7641e407ce2a484d5a587a4e30a9aa

Package: Matrix
Source: CRAN
Version: 1.1-4
Hash: 09826c0d5d08defcc73e71afda63590c
Requires: lattice

Package: NLP
Source: CRAN
Version: 0.1-5
Hash: 82a8f709b9a1ddedc33d8805c3501d80

Package: R6
Source: CRAN
Version: 2.0.1
Hash: 9a3ac4e5fd8059af0fc5156bcb019bbc

Package: RColorBrewer
Source: CRAN
Version: 1.1-2
Hash: 5203278413b09be06483c5ac1920bb05

Package: RCurl
Source: CRAN
Version: 1.95-4.5
Hash: 1187c1ea73013abf25f362a7e6da1046
Requires: bitops

Package: RJSONIO
Source: CRAN
Version: 1.3-0
Hash: 8b1341dfd547c90ed4b3365d5aa46a7b

Package: Rcpp
Source: CRAN
Version: 0.11.3
Hash: d9cc0a13885961b2d004cf73b0fb68dd

Package: XML
Source: CRAN
Version: 3.98-1.1
Hash: 13746d37588e7083349177d6e8234864

Package: base64enc
Source: CRAN
Version: 0.1-2
Hash: 290e385e048cebab0e8d8d301b84ac75

Package: bitops
Source: CRAN
Version: 1.0-6
Hash: cb26464a8321628636b547518994c931

Package: chron
Source: CRAN
Version: 2.3-45
Hash: 65cf73bf43c26a4578bb251499de38cd

Package: codetools
Source: CRAN
Version: 0.2-9
Hash: b50ffdf434d3154c35b7183fdca87909

Package: colorspace
Source: CRAN
Version: 1.2-4
Hash: b775bd08a10f968fef582304b7c3ab9c

Package: data.table
Source: CRAN
Version: 1.9.4
Hash: 905b6356d387a3a7e13ef62c4cf6f7e3
Requires: chron, reshape2

Package: datadr
Source: github
Version: 0.7.5
Hash: 488990071fb6e394feac5ebed1de7afddc8ea68f
Requires: codetools, data.table, digest, hexbin
GithubRepo: datadr
GithubUsername: tesseradata
GithubRef: master
GithubSha1: 488990071fb6e394feac5ebed1de7afddc8ea68f

Package: dichromat
Source: CRAN
Version: 2.0-0
Hash: 42be2136555fa4b6167605df56d8cd7c

Package: digest
Source: CRAN
Version: 0.6.6
Hash: fdcde611b298478c2926200e1139b6c3

Package: evaluate
Source: CRAN
Version: 0.5.5
Hash: 20881970e590ee68de97a468694db7b0
Requires: stringr

Package: fastICA
Source: CRAN
Version: 1.2-0
Hash: c9d9375ea63a01a6b3646d465c9b379b

Package: foreach
Source: CRAN
Version: 1.4.2
Hash: fbdaa99f6c6bd4f252c5d8412f6e79c9
Requires: codetools, iterators

Package: formatR
Source: CRAN
Version: 1.0
Hash: a90c211d7df7e61a72b8ab6c99c2e848

Package: ggplot2
Source: CRAN
Version: 1.0.0
Hash: c8bff66238347472f08b6a35608539ff
Requires: MASS, digest, gtable, plyr, proto, reshape2, scales

Package: gtable
Source: CRAN
Version: 0.1.2
Hash: 0cf4a2b54c02b35dec7e74a8ebed12a0

Package: hexbin
Source: CRAN
Version: 1.27.0
Hash: 160017fb005a908def7938ba43ed02c3
Requires: lattice

Package: highr
Source: CRAN
Version: 0.4
Hash: 8c77cca8556e1501621b4a5ccb7999bd

Package: htmltools
Source: CRAN
Version: 0.2.6
Hash: 2c87108d130de261ac3c468d3316ae42
Requires: digest

Package: httpuv
Source: CRAN
Version: 1.3.2
Hash: 163f7f889c45832ff6e0841c90c51845
Requires: Rcpp

Package: httr
Source: CRAN
Version: 0.6.0
Hash: 77f2efe4b285e090d11c53067ffd1c15
Requires: R6, RCurl, digest, jsonlite, mime, stringr

Package: irlba
Source: github
Version: 2.0.0
Hash: bc124d8c4b18a636ffa5c0322677286c5dcce7dd
Requires: Matrix
GithubRepo: IRL
GithubUsername: bwlewis
GithubRef: master
GithubSha1: bc124d8c4b18a636ffa5c0322677286c5dcce7dd

Package: iterators
Source: CRAN
Version: 1.0.7
Hash: b5320a58712688d5b18c207cf256ef3f

Package: itertools
Source: CRAN
Version: 0.1-3
Hash: 1ba05ae1d8e2304610818fcb49c4c9e1
Requires: iterators

Package: jsonlite
Source: CRAN
Version: 0.9.14
Hash: 1e949c7f0f926734e2ff498eddb2309a

Package: knitr
Source: CRAN
Version: 1.8
Hash: d00d7b314ca4c34f8a56ceacefb31b4f
Requires: digest, evaluate, formatR, highr, markdown, stringr

Package: labeling
Source: CRAN
Version: 0.3
Hash: 568a992912caf7eeddfb121924154047

Package: lattice
Source: CRAN
Version: 0.20-29
Hash: 17e9fe582d11197544a5ec817a80b21e

Package: lubridate
Source: CRAN
Version: 1.3.3
Hash: f19612b23b1b15febdf30ee920a6e7df
Requires: memoise, plyr, stringr

Package: markdown
Source: CRAN
Version: 0.7.4
Hash: 01d7f71ed6e3d9b1c17ba51cff91be72
Requires: mime

Package: memoise
Source: CRAN
Version: 0.2.1
Hash: fc52fa39dfd216c44d64812ff31b1c67
Requires: digest

Package: mime
Source: CRAN
Version: 0.2
Hash: 9179db921fcb2e5be44e217042ed06bc

Package: munsell
Source: CRAN
Version: 0.4.2
Hash: fa8af6d040041439b249351e9d16ae9a
Requires: colorspace

Package: packrat
Source: CRAN
Version: 0.4.2-1
Hash: 085f944cec9b56e8a280222b5174c76e

Package: plyr
Source: CRAN
Version: 1.8.1
Hash: 6a287219196e18bc6261dc11b41b1ca0
Requires: Rcpp

Package: png
Source: CRAN
Version: 0.1-7
Hash: 7559dcd0a9f188351986d0494ec1516d

Package: proto
Source: CRAN
Version: 0.3-10
Hash: 668a9e87cedbdc5f56c396edf1bd2648

Package: rCharts
Source: github
Version: 0.4.5
Hash: 929875d8742c754c33543f3d4331e6d834d7c586
Requires: RCurl, RJSONIO, lattice, plyr, whisker, yaml
GithubRepo: rCharts
GithubUsername: ramnathv
GithubRef: master
GithubSha1: 929875d8742c754c33543f3d4331e6d834d7c586

Package: rentrez
Source: CRAN
Version: 0.3.1
Hash: 8b0a18d082d77d3e957e05c6393ae1de
Requires: XML, httr

Package: reshape2
Source: CRAN
Version: 1.4.1
Hash: 21b63c5bb8ff2ef850ea40a4cb21d250
Requires: Rcpp, plyr, stringr

Package: scales
Source: CRAN
Version: 0.2.4
Hash: b8b1af97bd07818605223060386b00dd
Requires: RColorBrewer, dichromat, labeling, munsell, plyr

Package: shiny
Source: CRAN
Version: 0.10.2.2
Hash: 298d386816696b92d9e251f5ddcf1a25
Requires: R6, RJSONIO, digest, htmltools, httpuv, mime, xtable

Package: slam
Source: CRAN
Version: 0.1-32
Hash: 386459f8847d35643302350b84520955

Package: stringr
Source: CRAN
Version: 0.6.2
Hash: cdde0cfa0f52cffeaca23a11a3899779

Package: tm
Source: CRAN
Version: 0.6
Hash: aa73d34f04feed428fc98fbb258d0239
Requires: NLP, slam

Package: trelliscope
Source: github
Version: 0.8.0.4
Hash: b264ef92af3547d65669d924b8483ee20236217b
Requires: base64enc, data.table, datadr, digest, fastICA, ggplot2,
    hexbin, jsonlite, knitr, lattice, markdown, png, shiny
GithubRepo: trelliscope
GithubUsername: tesseradata
GithubRef: master
GithubSha1: b264ef92af3547d65669d924b8483ee20236217b

Package: whisker
Source: CRAN
Version: 0.3-2
Hash: 186ab2937fec1694c8a63009a2389c4e

Package: xtable
Source: CRAN
Version: 1.7-4
Hash: 7b30b5ca6c7ae80c4f916502e3ad0237

Package: xts
Source: CRAN
Version: 0.9-7
Hash: be4b6faab98ec342c7aa497a903d7b43
Requires: zoo

Package: yaml
Source: CRAN
Version: 2.1.13
Hash: e5d041c001f6d641fd009c1f6ef7d831

Package: zoo
Source: CRAN
Version: 1.7-11
Hash: a412b124ff249b078d9cd870de913c90
Requires: lattice
